
Microsoft Visual Studio Solution File, Format Version 12.00
# Visual Studio Version 16
VisualStudioVersion = 16.0.31729.503
MinimumVisualStudioVersion = 10.0.40219.1
Project("{FAE04EC0-301F-11D3-BF4B-00C04F79EFBC}") = "Zork", "Zork\Zork.csproj", "{CA0AF923-E132-41B1-9790-A09758ED7F59}"
EndProject
Global
	GlobalSection(SolutionConfigurationPlatforms) = preSolution
		Debug|Any CPU = Debug|Any CPU
		Release|Any CPU = Release|Any CPU
	EndGlobalSection
	GlobalSection(ProjectConfigurationPlatforms) = postSolution
		{CA0AF923-E132-41B1-9790-A09758ED7F59}.Debug|Any CPU.ActiveCfg = Debug|Any CPU
		{CA0AF923-E132-41B1-9790-A09758ED7F59}.Debug|Any CPU.Build.0 = Debug|Any CPU
		{CA0AF923-E132-41B1-9790-A09758ED7F59}.Release|Any CPU.ActiveCfg = Release|Any CPU
		{CA0AF923-E132-41B1-9790-A09758ED7F59}.Release|Any CPU.Build.0 = Release|Any CPU
	EndGlobalSection
	GlobalSection(SolutionProperties) = preSolution
		HideSolutionNode = FALSE
	EndGlobalSection
	GlobalSection(ExtensibilityGlobals) = postSolution
		SolutionGuid = {93D6D078-EC0B-4F53-9B41-582B58A8AE8C}
	EndGlobalSection
EndGlobal
